# This file is generated by running "yarn install" inside your project.
# Manual changes might be lost - proceed with caution!

__metadata:
  version: 8
  cacheKey: 10c0

"@rewatch-test/app@workspace:packages/app":
  version: 0.0.0-use.local
  resolution: "@rewatch-test/app@workspace:packages/app"
  languageName: unknown
  linkType: soft

"@rewatch-test/library@workspace:packages/library":
  version: 0.0.0-use.local
  resolution: "@rewatch-test/library@workspace:packages/library"
  languageName: unknown
  linkType: soft

"rewatch-test-fixture@workspace:.":
  version: 0.0.0-use.local
  resolution: "rewatch-test-fixture@workspace:."
  languageName: unknown
  linkType: soft
