# This file is generated by running "yarn install" inside your project.
# Manual changes might be lost - proceed with caution!

__metadata:
  version: 8
  cacheKey: 10c0

"@daemon-test/app@workspace:packages/app":
  version: 0.0.0-use.local
  resolution: "@daemon-test/app@workspace:packages/app"
  dependencies:
    "@daemon-test/library": "workspace:*"
  languageName: unknown
  linkType: soft

"@daemon-test/library@workspace:*, @daemon-test/library@workspace:packages/library":
  version: 0.0.0-use.local
  resolution: "@daemon-test/library@workspace:packages/library"
  languageName: unknown
  linkType: soft

"@daemon-test/namespaced@workspace:packages/namespaced":
  version: 0.0.0-use.local
  resolution: "@daemon-test/namespaced@workspace:packages/namespaced"
  languageName: unknown
  linkType: soft

"@daemon-test/with-dev-deps@workspace:packages/with-dev-deps":
  version: 0.0.0-use.local
  resolution: "@daemon-test/with-dev-deps@workspace:packages/with-dev-deps"
  languageName: unknown
  linkType: soft

"@daemon-test/with-interface@workspace:packages/with-interface":
  version: 0.0.0-use.local
  resolution: "@daemon-test/with-interface@workspace:packages/with-interface"
  languageName: unknown
  linkType: soft

"@daemon-test/with-post-build@workspace:packages/with-post-build":
  version: 0.0.0-use.local
  resolution: "@daemon-test/with-post-build@workspace:packages/with-post-build"
  languageName: unknown
  linkType: soft

"@daemon-test/with-warnings@workspace:packages/with-warnings":
  version: 0.0.0-use.local
  resolution: "@daemon-test/with-warnings@workspace:packages/with-warnings"
  languageName: unknown
  linkType: soft

"daemon-test-fixture@workspace:.":
  version: 0.0.0-use.local
  resolution: "daemon-test-fixture@workspace:."
  languageName: unknown
  linkType: soft
