{
  "name": "deadcode",
  "version": "0.1.0",
  "lockfileVersion": 3,
  "requires": true,
  "packages": {
    "": {
      "name": "deadcode",
      "version": "0.1.0",
      "dependencies": {
        "@rescript/react": "^0.13.0"
      },
      "devDependencies": {
        "rescript": "file:../../../.."
      }
    },
    "../../../..": {
      "name": "rescript",
      "version": "12.0.0-alpha.9",
      "dev": true,
      "hasInstallScript": true,
      "license": "SEE LICENSE IN LICENSE",
      "bin": {
        "bsc": "cli/bsc",
        "bstracing": "lib/bstracing",
        "rescript": "cli/rescript",
        "rescript-tools": "cli/rescript-tools",
        "rewatch": "cli/rewatch"
      },
      "devDependencies": {
        "@biomejs/biome": "1.8.3",
        "mocha": "10.8.2",
        "nyc": "15.0.0"
      },
      "engines": {
        "node": ">=18"
      }
    },
    "node_modules/@rescript/react": {
      "version": "0.13.0",
      "resolved": "https://registry.npmjs.org/@rescript/react/-/react-0.13.0.tgz",
      "integrity": "sha512-YSIWIyMlyF9ZaP6Q3hScl1h3wRbdIP4+Cb7PlDt7Y1PG8M8VWYhLoIgLb78mbBHcwFbZu0d5zAt1LSX5ilOiWQ==",
      "license": "MIT",
      "peerDependencies": {
        "react": ">=18.0.0",
        "react-dom": ">=18.0.0"
      }
    },
    "node_modules/react": {
      "version": "19.0.0",
      "resolved": "https://registry.npmjs.org/react/-/react-19.0.0.tgz",
      "integrity": "sha512-V8AVnmPIICiWpGfm6GLzCR/W5FXLchHop40W4nXBmdlEceh16rCN8O8LNWm5bh5XUX91fh7KpA+W0TgMKmgTpQ==",
      "license": "MIT",
      "peer": true,
      "engines": {
        "node": ">=0.10.0"
      }
    },
    "node_modules/react-dom": {
      "version": "19.0.0",
      "resolved": "https://registry.npmjs.org/react-dom/-/react-dom-19.0.0.tgz",
      "integrity": "sha512-4GV5sHFG0e/0AD4X+ySy6UJd3jVl1iNsNHdpad0qhABJ11twS3TTBnseqsKurKcsNqCEFeGL3uLpVChpIO3QfQ==",
      "license": "MIT",
      "peer": true,
      "dependencies": {
        "scheduler": "^0.25.0"
      },
      "peerDependencies": {
        "react": "^19.0.0"
      }
    },
    "node_modules/rescript": {
      "resolved": "../../../..",
      "link": true
    },
    "node_modules/scheduler": {
      "version": "0.25.0",
      "resolved": "https://registry.npmjs.org/scheduler/-/scheduler-0.25.0.tgz",
      "integrity": "sha512-xFVuu11jh+xcO7JOAGJNOXld8/TcEHK/4CituBUeUb5hqxJLj9YuemAEuvm9gQ/+pgXYfbQuqAkiYu+u7YEsNA==",
      "license": "MIT",
      "peer": true
    }
  }
}
