{
  "name": "single-project",
  "version": "0.0.0",
  "lockfileVersion": 3,
  "requires": true,
  "packages": {
    "": {
      "name": "single-project",
      "version": "0.0.0",
      "license": "MIT",
      "dependencies": {
        "rescript": "^12.0.0-beta.10"
      }
    },
    "node_modules/@rescript/darwin-arm64": {
      "version": "12.0.0-beta.10",
      "resolved": "https://registry.npmjs.org/@rescript/darwin-arm64/-/darwin-arm64-12.0.0-beta.10.tgz",
      "integrity": "sha512-P3Y5Yy7uPGVXdBlfyT67NG724bsMfmwrZ/qEAgEabrGEXjJc9iA9I+a7Kz9gq5E252Mfi0O2DGp2JUmNyOyo9A==",
      "cpu": [
        "arm64"
      ],
      "optional": true,
      "os": [
        "darwin"
      ],
      "engines": {
        "node": ">=20.11.0"
      }
    },
    "node_modules/@rescript/darwin-x64": {
      "version": "12.0.0-beta.10",
      "resolved": "https://registry.npmjs.org/@rescript/darwin-x64/-/darwin-x64-12.0.0-beta.10.tgz",
      "integrity": "sha512-4WuFdzmZhp0iXmjAtOCGJUnGHxQeK8kxnahk7nViwN6RHZG1RDEQmxvjnVfQUnNdMH2anZGpGYjAhZC+n9goDQ==",
      "cpu": [
        "x64"
      ],
      "optional": true,
      "os": [
        "darwin"
      ],
      "engines": {
        "node": ">=20.11.0"
      }
    },
    "node_modules/@rescript/linux-arm64": {
      "version": "12.0.0-beta.10",
      "resolved": "https://registry.npmjs.org/@rescript/linux-arm64/-/linux-arm64-12.0.0-beta.10.tgz",
      "integrity": "sha512-DgdCbnYySwDhPpJlttb6JvO7FucS4wkueuAtXiecCNCPkdaRWNPIrRAmZS5KZ/MlU8vQWh2jzCvDY9yeh/MNBA==",
      "cpu": [
        "arm64"
      ],
      "optional": true,
      "os": [
        "linux"
      ],
      "engines": {
        "node": ">=20.11.0"
      }
    },
    "node_modules/@rescript/linux-x64": {
      "version": "12.0.0-beta.10",
      "resolved": "https://registry.npmjs.org/@rescript/linux-x64/-/linux-x64-12.0.0-beta.10.tgz",
      "integrity": "sha512-v0ydM9UdiS1cXgm25ajTl5k61ejWg2s0YDDrjD+5a7N/zUnsfv4L5y+3bhhv6GhV3o/xgH+YYPwMe2057oT3pA==",
      "cpu": [
        "x64"
      ],
      "optional": true,
      "os": [
        "linux"
      ],
      "engines": {
        "node": ">=20.11.0"
      }
    },
    "node_modules/@rescript/runtime": {
      "version": "12.0.0-beta.10",
      "resolved": "https://registry.npmjs.org/@rescript/runtime/-/runtime-12.0.0-beta.10.tgz",
      "integrity": "sha512-ZAMUE6C8c5cMaDHzpqoq8+6dDXD/wBHUsRHjeGkbz/BbexFnj8i4O9kEYdOEF+9P7GdY6IyRWKKX5RJaNpAs2g=="
    },
    "node_modules/@rescript/win32-x64": {
      "version": "12.0.0-beta.10",
      "resolved": "https://registry.npmjs.org/@rescript/win32-x64/-/win32-x64-12.0.0-beta.10.tgz",
      "integrity": "sha512-4CFQBkpuFb+DBFS9xy3+7KaGuAdUEYQyCAtSgDinXgj4IYYTFQ+a/6Sz8pPNkA5OlUwVAwMiONrTu3Zj+5NvMA==",
      "cpu": [
        "x64"
      ],
      "optional": true,
      "os": [
        "win32"
      ],
      "engines": {
        "node": ">=20.11.0"
      }
    },
    "node_modules/rescript": {
      "version": "12.0.0-beta.10",
      "resolved": "https://registry.npmjs.org/rescript/-/rescript-12.0.0-beta.10.tgz",
      "integrity": "sha512-QeDZebbCgWIXCn15qlFB+Q+4kis+ZJMmPrKMEoisu5xJnSmFJoCDQIsOH5oubKyTClK9Mr3XROC47nsgPlkNKw==",
      "license": "SEE LICENSE IN LICENSE",
      "workspaces": [
        "packages/playground",
        "packages/@rescript/*",
        "tests/dependencies/**",
        "tests/analysis_tests/**",
        "tests/docstring_tests",
        "tests/gentype_tests/**",
        "tests/tools_tests",
        "scripts/res"
      ],
      "dependencies": {
        "@rescript/runtime": "12.0.0-beta.10"
      },
      "bin": {
        "bsc": "cli/bsc.js",
        "bstracing": "cli/bstracing.js",
        "rescript": "cli/rescript.js",
        "rescript-legacy": "cli/rescript-legacy.js",
        "rescript-tools": "cli/rescript-tools.js"
      },
      "engines": {
        "node": ">=20.11.0"
      },
      "optionalDependencies": {
        "@rescript/darwin-arm64": "12.0.0-beta.10",
        "@rescript/darwin-x64": "12.0.0-beta.10",
        "@rescript/linux-arm64": "12.0.0-beta.10",
        "@rescript/linux-x64": "12.0.0-beta.10",
        "@rescript/win32-x64": "12.0.0-beta.10"
      }
    }
  }
}
