# This file is generated by running "yarn install" inside your project.
# Manual changes might be lost - proceed with caution!

__metadata:
  version: 8
  cacheKey: 10c0

"@testrepo/dep01@npm:*, @testrepo/dep01@workspace:packages/dep01":
  version: 0.0.0-use.local
  resolution: "@testrepo/dep01@workspace:packages/dep01"
  dependencies:
    "@testrepo/dep02": "npm:*"
  languageName: unknown
  linkType: soft

"@testrepo/dep02@npm:*, @testrepo/dep02@workspace:packages/dep02":
  version: 0.0.0-use.local
  resolution: "@testrepo/dep02@workspace:packages/dep02"
  languageName: unknown
  linkType: soft

"@testrepo/main@workspace:packages/main":
  version: 0.0.0-use.local
  resolution: "@testrepo/main@workspace:packages/main"
  dependencies:
    "@testrepo/dep01": "npm:*"
  languageName: unknown
  linkType: soft

"@testrepo/new-namespace@workspace:packages/new-namespace":
  version: 0.0.0-use.local
  resolution: "@testrepo/new-namespace@workspace:packages/new-namespace"
  languageName: unknown
  linkType: soft

"rescript@npm:ci":
  version: 12.0.0-alpha.12
  resolution: "rescript@npm:12.0.0-alpha.12"
  bin:
    bsc: cli/bsc.js
    bstracing: lib/bstracing.js
    rescript: cli/rescript.js
    rescript-tools: cli/rescript-tools.js
    rewatch: cli/rewatch.js
  checksum: 10c0/494a23c413905981fffc6230ad1b1019ed5fb1701a21f3eeb1526fb8cc78c511f82ac4edf151bbb881bef1a854895edd2085522ce51e11b359833ae743b7d9d8
  languageName: node
  linkType: hard

"testrepo@workspace:.":
  version: 0.0.0-use.local
  resolution: "testrepo@workspace:."
  dependencies:
    rescript: "npm:ci"
  languageName: unknown
  linkType: soft
