# This file is generated by running "yarn install" inside your project.
# Manual changes might be lost - proceed with caution!

__metadata:
  version: 8
  cacheKey: 10c0

"@rescript/belt@file:../../packages/@rescript/belt::locator=testrepo%40workspace%3A.":
  version: 13.0.0-alpha.6
  resolution: "@rescript/belt@file:../../packages/@rescript/belt#../../packages/@rescript/belt::hash=e6c837&locator=testrepo%40workspace%3A."
  dependencies:
    "@rescript/runtime": "workspace:^"
  peerDependencies:
    rescript: "workspace:^"
  checksum: 10c0/136562c14c814a6e101316a6693089f106a74f451d592325e541c14ab768a6a368189c7091cec5a15527f306c16bfe083ac8c87481603289e03b851fe9a717b4
  languageName: node
  linkType: hard

"@rescript/darwin-arm64@npm:12.0.0":
  version: 12.0.0
  resolution: "@rescript/darwin-arm64@npm:12.0.0"
  conditions: os=darwin & cpu=arm64
  languageName: node
  linkType: hard

"@rescript/darwin-arm64@npm:12.3.0":
  version: 12.3.0
  resolution: "@rescript/darwin-arm64@npm:12.3.0"
  conditions: os=darwin & cpu=arm64
  languageName: node
  linkType: hard

"@rescript/darwin-x64@npm:12.0.0":
  version: 12.0.0
  resolution: "@rescript/darwin-x64@npm:12.0.0"
  conditions: os=darwin & cpu=x64
  languageName: node
  linkType: hard

"@rescript/darwin-x64@npm:12.3.0":
  version: 12.3.0
  resolution: "@rescript/darwin-x64@npm:12.3.0"
  conditions: os=darwin & cpu=x64
  languageName: node
  linkType: hard

"@rescript/linux-arm64@npm:12.0.0":
  version: 12.0.0
  resolution: "@rescript/linux-arm64@npm:12.0.0"
  conditions: os=linux & cpu=arm64
  languageName: node
  linkType: hard

"@rescript/linux-arm64@npm:12.3.0":
  version: 12.3.0
  resolution: "@rescript/linux-arm64@npm:12.3.0"
  conditions: os=linux & cpu=arm64
  languageName: node
  linkType: hard

"@rescript/linux-x64@npm:12.0.0":
  version: 12.0.0
  resolution: "@rescript/linux-x64@npm:12.0.0"
  conditions: os=linux & cpu=x64
  languageName: node
  linkType: hard

"@rescript/linux-x64@npm:12.3.0":
  version: 12.3.0
  resolution: "@rescript/linux-x64@npm:12.3.0"
  conditions: os=linux & cpu=x64
  languageName: node
  linkType: hard

"@rescript/runtime@file:../../packages/@rescript/runtime::locator=testrepo%40workspace%3A.":
  version: 13.0.0-alpha.6
  resolution: "@rescript/runtime@file:../../packages/@rescript/runtime#../../packages/@rescript/runtime::hash=80282b&locator=testrepo%40workspace%3A."
  checksum: 10c0/0ad616bbcc31daa731f4f9689184195ff88695462b934e128a84d2db9335d68cda47e9788d6d8671960bb612fd6c75083ab0eb1c283b33ad91ef508f9b5b5250
  languageName: node
  linkType: hard

"@rescript/runtime@npm:12.0.0":
  version: 12.0.0
  resolution: "@rescript/runtime@npm:12.0.0"
  checksum: 10c0/32121f3a78154cf9ab8ae4939819b9807d4a70552d7c2594872f838456c63026eddca4d6b562220fe5431d56afa96e0e276f09e5d9028b15b03f2570a52f1d30
  languageName: node
  linkType: hard

"@rescript/runtime@npm:12.3.0":
  version: 12.3.0
  resolution: "@rescript/runtime@npm:12.3.0"
  checksum: 10c0/6d7b58078cec4444a3abd50fdb2ef35dfcc155c45cf824219dbc20180caef1aa891b10f4edf0c13396f7438023014eff0ab9289c9c8fae31d1a6e9d3849924a4
  languageName: node
  linkType: hard

"@rescript/webapi@npm:0.1.0-experimental-73e6a0d":
  version: 0.1.0-experimental-73e6a0d
  resolution: "@rescript/webapi@npm:0.1.0-experimental-73e6a0d"
  dependencies:
    rescript: "npm:^12.0.0-alpha.13"
  checksum: 10c0/71553ebc51fec9c29ef5d1b4a4f6954cd9e29b622629005e29128504cc5a40d26e50308935b5d2e51c653b61674f096b731615c5c8399bd152517e32824554a8
  languageName: node
  linkType: hard

"@rescript/webapi@patch:@rescript/webapi@npm%3A0.1.0-experimental-73e6a0d#~/.yarn/patches/@rescript-webapi-npm-0.1.0-experimental-73e6a0d-288a2072f7.patch":
  version: 0.1.0-experimental-73e6a0d
  resolution: "@rescript/webapi@patch:@rescript/webapi@npm%3A0.1.0-experimental-73e6a0d#~/.yarn/patches/@rescript-webapi-npm-0.1.0-experimental-73e6a0d-288a2072f7.patch::version=0.1.0-experimental-73e6a0d&hash=eb9117"
  dependencies:
    rescript: "npm:^12.0.0-alpha.13"
  checksum: 10c0/83df59606d6a76a1bcecf3e556ccddc734c41f74cf90f37268e5d9bbdaa5c5ec579deca223f5685426da5d928ec0ea5295ca9ae4daee38bc72c9cdf8a657d10e
  languageName: node
  linkType: hard

"@rescript/win32-x64@npm:12.0.0":
  version: 12.0.0
  resolution: "@rescript/win32-x64@npm:12.0.0"
  conditions: os=win32 & cpu=x64
  languageName: node
  linkType: hard

"@rescript/win32-x64@npm:12.3.0":
  version: 12.3.0
  resolution: "@rescript/win32-x64@npm:12.3.0"
  conditions: os=win32 & cpu=x64
  languageName: node
  linkType: hard

"@testrepo/dep01@npm:*, @testrepo/dep01@workspace:packages/dep01":
  version: 0.0.0-use.local
  resolution: "@testrepo/dep01@workspace:packages/dep01"
  dependencies:
    "@testrepo/dep02": "npm:*"
  languageName: unknown
  linkType: soft

"@testrepo/dep02@npm:*, @testrepo/dep02@workspace:packages/dep02":
  version: 0.0.0-use.local
  resolution: "@testrepo/dep02@workspace:packages/dep02"
  languageName: unknown
  linkType: soft

"@testrepo/deprecated-config@workspace:packages/deprecated-config":
  version: 0.0.0-use.local
  resolution: "@testrepo/deprecated-config@workspace:packages/deprecated-config"
  languageName: unknown
  linkType: soft

"@testrepo/file-casing-no-namespace@workspace:packages/file-casing-no-namespace":
  version: 0.0.0-use.local
  resolution: "@testrepo/file-casing-no-namespace@workspace:packages/file-casing-no-namespace"
  languageName: unknown
  linkType: soft

"@testrepo/file-casing@workspace:packages/file-casing":
  version: 0.0.0-use.local
  resolution: "@testrepo/file-casing@workspace:packages/file-casing"
  languageName: unknown
  linkType: soft

"@testrepo/main@workspace:packages/main":
  version: 0.0.0-use.local
  resolution: "@testrepo/main@workspace:packages/main"
  dependencies:
    "@testrepo/dep01": "npm:*"
  languageName: unknown
  linkType: soft

"@testrepo/namespace-casing@workspace:packages/namespace-casing":
  version: 0.0.0-use.local
  resolution: "@testrepo/namespace-casing@workspace:packages/namespace-casing"
  languageName: unknown
  linkType: soft

"@testrepo/new-namespace@workspace:packages/new-namespace":
  version: 0.0.0-use.local
  resolution: "@testrepo/new-namespace@workspace:packages/new-namespace"
  languageName: unknown
  linkType: soft

"@testrepo/nohoist@workspace:packages/nohoist":
  version: 0.0.0-use.local
  resolution: "@testrepo/nohoist@workspace:packages/nohoist"
  dependencies:
    rescript: "npm:12.3.0"
    rescript-bun: "patch:rescript-bun@npm%3A2.1.0#~/.yarn/patches/rescript-bun-npm-2.1.0-d9adc91a04.patch"
  languageName: unknown
  linkType: soft

"@testrepo/pure-dev@workspace:packages/pure-dev":
  version: 0.0.0-use.local
  resolution: "@testrepo/pure-dev@workspace:packages/pure-dev"
  languageName: unknown
  linkType: soft

"@testrepo/standalone@workspace:packages/standalone":
  version: 0.0.0-use.local
  resolution: "@testrepo/standalone@workspace:packages/standalone"
  dependencies:
    "@testrepo/dep01": "npm:*"
  languageName: unknown
  linkType: soft

"@testrepo/watch-warnings@workspace:packages/watch-warnings":
  version: 0.0.0-use.local
  resolution: "@testrepo/watch-warnings@workspace:packages/watch-warnings"
  languageName: unknown
  linkType: soft

"@testrepo/with-dev-deps@workspace:packages/with-dev-deps":
  version: 0.0.0-use.local
  resolution: "@testrepo/with-dev-deps@workspace:packages/with-dev-deps"
  dependencies:
    "@rescript/webapi": "patch:@rescript/webapi@npm%3A0.1.0-experimental-73e6a0d#~/.yarn/patches/@rescript-webapi-npm-0.1.0-experimental-73e6a0d-288a2072f7.patch"
    rescript-nodejs: "npm:17.0.0"
  languageName: unknown
  linkType: soft

"@testrepo/with-ppx@workspace:packages/with-ppx":
  version: 0.0.0-use.local
  resolution: "@testrepo/with-ppx@workspace:packages/with-ppx"
  dependencies:
    rescript-nodejs: "npm:17.0.0"
    sury: "npm:11.0.0-rc.0"
    sury-ppx: "npm:11.0.0-rc.0"
  languageName: unknown
  linkType: soft

"rescript-bun@npm:2.1.0":
  version: 2.1.0
  resolution: "rescript-bun@npm:2.1.0"
  peerDependencies:
    rescript: ">= 12.0.0-alpha.4"
  checksum: 10c0/f76fd4dffdd90b13d1d61642fa5eabb26828c85b9eb71e945ffac9c84e81b9a6b68d20d9e68096156243bc543197a15906b606572db7d8c50a554d50652d3143
  languageName: node
  linkType: hard

"rescript-bun@patch:rescript-bun@npm%3A2.1.0#~/.yarn/patches/rescript-bun-npm-2.1.0-d9adc91a04.patch":
  version: 2.1.0
  resolution: "rescript-bun@patch:rescript-bun@npm%3A2.1.0#~/.yarn/patches/rescript-bun-npm-2.1.0-d9adc91a04.patch::version=2.1.0&hash=cc7d77"
  peerDependencies:
    rescript: ">= 12.0.0-alpha.4"
  checksum: 10c0/e58a68cc5cc0b3aef0198ad44ad80535f962c4a50d1085b9aaa2d8454fa4203907aa2b4e14939e909778b0c52ba6767175469ec51ddc5238d2674fe6d65f6a79
  languageName: node
  linkType: hard

"rescript-nodejs@npm:17.0.0":
  version: 17.0.0
  resolution: "rescript-nodejs@npm:17.0.0"
  checksum: 10c0/2c35fb20a208e4e62b462b588253457a66841201ecddb703ab4cdfb1119d4d496ee8663c6224114bcb5216cdbff8f33832f3fd22fa47c058a164db97a7b8a007
  languageName: node
  linkType: hard

"rescript@npm:12.0.0":
  version: 12.0.0
  resolution: "rescript@npm:12.0.0"
  dependencies:
    "@rescript/darwin-arm64": "npm:12.0.0"
    "@rescript/darwin-x64": "npm:12.0.0"
    "@rescript/linux-arm64": "npm:12.0.0"
    "@rescript/linux-x64": "npm:12.0.0"
    "@rescript/runtime": "npm:12.0.0"
    "@rescript/win32-x64": "npm:12.0.0"
  dependenciesMeta:
    "@rescript/darwin-arm64":
      optional: true
    "@rescript/darwin-x64":
      optional: true
    "@rescript/linux-arm64":
      optional: true
    "@rescript/linux-x64":
      optional: true
    "@rescript/win32-x64":
      optional: true
  bin:
    bsc: cli/bsc.js
    bstracing: cli/bstracing.js
    rescript: cli/rescript.js
    rescript-legacy: cli/rescript-legacy.js
    rescript-tools: cli/rescript-tools.js
  checksum: 10c0/8fc92a806d86825fe593cc2c23accc39c95236b4885f9c6d9874fc1b375dd6dd07f8a99ef4c8bbbb273a6f44d47439b5cb4a62577a57ab9ecb0c7ad15021846c
  languageName: node
  linkType: hard

"rescript@npm:12.3.0, rescript@npm:^12.0.0-alpha.13":
  version: 12.3.0
  resolution: "rescript@npm:12.3.0"
  dependencies:
    "@rescript/darwin-arm64": "npm:12.3.0"
    "@rescript/darwin-x64": "npm:12.3.0"
    "@rescript/linux-arm64": "npm:12.3.0"
    "@rescript/linux-x64": "npm:12.3.0"
    "@rescript/runtime": "npm:12.3.0"
    "@rescript/win32-x64": "npm:12.3.0"
  dependenciesMeta:
    "@rescript/darwin-arm64":
      optional: true
    "@rescript/darwin-x64":
      optional: true
    "@rescript/linux-arm64":
      optional: true
    "@rescript/linux-x64":
      optional: true
    "@rescript/win32-x64":
      optional: true
  bin:
    bsc: cli/bsc.js
    bstracing: cli/bstracing.js
    rescript: cli/rescript.js
    rescript-legacy: cli/rescript-legacy.js
    rescript-tools: cli/rescript-tools.js
  checksum: 10c0/f16231ef95bb4371e531485c33dfd9227cbddc079c06dab9a8395d444b5e8a8cfb844e018667dfaf36465138eb832cf219f6f71c7c37b65621a5fe0db781809c
  languageName: node
  linkType: hard

"sury-ppx@npm:11.0.0-rc.0":
  version: 11.0.0-rc.0
  resolution: "sury-ppx@npm:11.0.0-rc.0"
  peerDependencies:
    sury: ^11.0.0-rc.0
  checksum: 10c0/18111b21004481103501171b913433531804071de161e6fd51083a4bae3988648d5d52a88ccba77f2f7429c60375cfc5fd7797476867e52b71cdb983bcec603e
  languageName: node
  linkType: hard

"sury@npm:11.0.0-rc.0":
  version: 11.0.0-rc.0
  resolution: "sury@npm:11.0.0-rc.0"
  peerDependencies:
    rescript: 12.x
  peerDependenciesMeta:
    rescript:
      optional: true
  checksum: 10c0/0fa5cb3404f436205fcf87fb0b0003f64c1e4e90fab78cf029e276ed7ea76aa1683ac9e740cabbf9e95de33adf287a7706ce8d4c2552c045a0f7c2b5bcc95a5d
  languageName: node
  linkType: hard

"testrepo@workspace:.":
  version: 0.0.0-use.local
  resolution: "testrepo@workspace:."
  dependencies:
    "@rescript/belt": "file:../../packages/@rescript/belt"
    rescript: "npm:12.0.0"
  languageName: unknown
  linkType: soft
