# This file is generated by running "yarn install" inside your project.
# Manual changes might be lost - proceed with caution!

__metadata:
  version: 8
  cacheKey: 10c0

"@testrepo/dep01@npm:*, @testrepo/dep01@workspace:packages/dep01":
  version: 0.0.0-use.local
  resolution: "@testrepo/dep01@workspace:packages/dep01"
  dependencies:
    "@testrepo/dep02": "npm:*"
    rescript: "npm:*"
  languageName: unknown
  linkType: soft

"@testrepo/dep02@npm:*, @testrepo/dep02@workspace:packages/dep02":
  version: 0.0.0-use.local
  resolution: "@testrepo/dep02@workspace:packages/dep02"
  dependencies:
    rescript: "npm:*"
  languageName: unknown
  linkType: soft

"@testrepo/main@workspace:packages/main":
  version: 0.0.0-use.local
  resolution: "@testrepo/main@workspace:packages/main"
  dependencies:
    "@testrepo/dep01": "npm:*"
    rescript: "npm:*"
  languageName: unknown
  linkType: soft

"@testrepo/new-namespace@workspace:packages/new-namespace":
  version: 0.0.0-use.local
  resolution: "@testrepo/new-namespace@workspace:packages/new-namespace"
  dependencies:
    rescript: "npm:*"
  languageName: unknown
  linkType: soft

"rescript@npm:*":
  version: 11.0.0
  resolution: "rescript@npm:11.0.0"
  bin:
    bsc: bsc
    bstracing: lib/bstracing
    rescript: rescript
  checksum: 10c0/22736872fa74a3f2efb03d6684e7d17ca310e3783c29d34bceca250cb9383ea6637526e03d328704214c91c4701408e565d34afc8a39e83011983c8872731731
  languageName: node
  linkType: hard

"testrepo@workspace:.":
  version: 0.0.0-use.local
  resolution: "testrepo@workspace:."
  languageName: unknown
  linkType: soft
